# This file was autogenerated by Stack.
# You should not edit this file by hand.
# For more information, please see the documentation at:
#   https://docs.haskellstack.org/en/stable/topics/lock_files

packages:
- completed:
    commit: 9f5b1576f78c20a43899c247aa54ff5361865187
    git: https://github.com/haonguyen14/haskell-mcp.git
    name: haskell-mcp
    pantry-tree:
      sha256: 0c39ab786f0cdb280b33e69c7b6e7bdfdb07c3489b666193b1f1494084986f9f
      size: 841
    version: 0.1.0.0
  original:
    commit: 9f5b1576f78c20a43899c247aa54ff5361865187
    git: https://github.com/haonguyen14/haskell-mcp.git
snapshots:
- completed:
    sha256: 78ce76b519082c406415e5070114ad338d8635534c67e85e381abb6676839065
    size: 728811
    url: https://raw.githubusercontent.com/commercialhaskell/stackage-snapshots/master/lts/24/44.yaml
  original:
    url: https://raw.githubusercontent.com/commercialhaskell/stackage-snapshots/master/lts/24/44.yaml
